
Microsoft Visual Studio Solution File, Format Version 12.00
# Visual Studio Version 16
VisualStudioVersion = 16.0.29230.47
MinimumVisualStudioVersion = 10.0.40219.1
Project("{8BC9CEB8-8B4A-11D0-8D11-00A0C91BC942}") = "TriAngels", "TriAngels\TriAngels.vcxproj", "{231D9864-4C15-46BB-91E6-BC83CDD28395}"
EndProject
Global
	GlobalSection(SolutionConfigurationPlatforms) = preSolution
		Debug|x64 = Debug|x64
		Debug|x86 = Debug|x86
		Release|x64 = Release|x64
		Release|x86 = Release|x86
	EndGlobalSection
	GlobalSection(ProjectConfigurationPlatforms) = postSolution
		{231D9864-4C15-46BB-91E6-BC83CDD28395}.Debug|x64.ActiveCfg = Debug|x64
		{231D9864-4C15-46BB-91E6-BC83CDD28395}.Debug|x64.Build.0 = Debug|x64
		{231D9864-4C15-46BB-91E6-BC83CDD28395}.Debug|x86.ActiveCfg = Debug|Win32
		{231D9864-4C15-46BB-91E6-BC83CDD28395}.Debug|x86.Build.0 = Debug|Win32
		{231D9864-4C15-46BB-91E6-BC83CDD28395}.Release|x64.ActiveCfg = Release|x64
		{231D9864-4C15-46BB-91E6-BC83CDD28395}.Release|x64.Build.0 = Release|x64
		{231D9864-4C15-46BB-91E6-BC83CDD28395}.Release|x86.ActiveCfg = Release|Win32
		{231D9864-4C15-46BB-91E6-BC83CDD28395}.Release|x86.Build.0 = Release|Win32
	EndGlobalSection
	GlobalSection(SolutionProperties) = preSolution
		HideSolutionNode = FALSE
	EndGlobalSection
	GlobalSection(ExtensibilityGlobals) = postSolution
		SolutionGuid = {58BA909E-01F8-4730-9CA0-B2D7CD68B4BD}
	EndGlobalSection
EndGlobal
